
Microsoft Visual Studio Solution File, Format Version 12.00
# Visual Studio 15
VisualStudioVersion = 15.0.26228.9
MinimumVisualStudioVersion = 10.0.40219.1
Project("{FAE04EC0-301F-11D3-BF4B-00C04F79EFBC}") = "WebUi", "WebUi\WebUi.csproj", "{616FCE02-3A51-4F8F-9D4C-15A91BB6FA5E}"
EndProject
Project("{FAE04EC0-301F-11D3-BF4B-00C04F79EFBC}") = "BusinessServices", "BussinessServices\BusinessServices.csproj", "{27762FEB-52D8-47C2-894E-C5293F89D3B1}"
EndProject
Project("{FAE04EC0-301F-11D3-BF4B-00C04F79EFBC}") = "BusinessServiceTests", "BusinessServiceTests\BusinessServiceTests.csproj", "{58CE0749-FACB-4BB8-8FC4-8C547E6DF20E}"
EndProject
Project("{FAE04EC0-301F-11D3-BF4B-00C04F79EFBC}") = "WebApi", "WebApi\WebApi.csproj", "{F9EB1154-13C0-4370-8CE6-B258A86D51EF}"
EndProject
Global
	GlobalSection(SolutionConfigurationPlatforms) = preSolution
		Debug|Any CPU = Debug|Any CPU
		Release|Any CPU = Release|Any CPU
	EndGlobalSection
	GlobalSection(ProjectConfigurationPlatforms) = postSolution
		{616FCE02-3A51-4F8F-9D4C-15A91BB6FA5E}.Debug|Any CPU.ActiveCfg = Debug|Any CPU
		{616FCE02-3A51-4F8F-9D4C-15A91BB6FA5E}.Debug|Any CPU.Build.0 = Debug|Any CPU
		{616FCE02-3A51-4F8F-9D4C-15A91BB6FA5E}.Release|Any CPU.ActiveCfg = Release|Any CPU
		{616FCE02-3A51-4F8F-9D4C-15A91BB6FA5E}.Release|Any CPU.Build.0 = Release|Any CPU
		{27762FEB-52D8-47C2-894E-C5293F89D3B1}.Debug|Any CPU.ActiveCfg = Debug|Any CPU
		{27762FEB-52D8-47C2-894E-C5293F89D3B1}.Debug|Any CPU.Build.0 = Debug|Any CPU
		{27762FEB-52D8-47C2-894E-C5293F89D3B1}.Release|Any CPU.ActiveCfg = Release|Any CPU
		{27762FEB-52D8-47C2-894E-C5293F89D3B1}.Release|Any CPU.Build.0 = Release|Any CPU
		{58CE0749-FACB-4BB8-8FC4-8C547E6DF20E}.Debug|Any CPU.ActiveCfg = Debug|Any CPU
		{58CE0749-FACB-4BB8-8FC4-8C547E6DF20E}.Debug|Any CPU.Build.0 = Debug|Any CPU
		{58CE0749-FACB-4BB8-8FC4-8C547E6DF20E}.Release|Any CPU.ActiveCfg = Release|Any CPU
		{58CE0749-FACB-4BB8-8FC4-8C547E6DF20E}.Release|Any CPU.Build.0 = Release|Any CPU
		{F9EB1154-13C0-4370-8CE6-B258A86D51EF}.Debug|Any CPU.ActiveCfg = Debug|Any CPU
		{F9EB1154-13C0-4370-8CE6-B258A86D51EF}.Debug|Any CPU.Build.0 = Debug|Any CPU
		{F9EB1154-13C0-4370-8CE6-B258A86D51EF}.Release|Any CPU.ActiveCfg = Release|Any CPU
		{F9EB1154-13C0-4370-8CE6-B258A86D51EF}.Release|Any CPU.Build.0 = Release|Any CPU
	EndGlobalSection
	GlobalSection(SolutionProperties) = preSolution
		HideSolutionNode = FALSE
	EndGlobalSection
EndGlobal
